
Microsoft Visual Studio Solution File, Format Version 12.00
# Visual Studio Version 17
VisualStudioVersion = 17.8.34330.188
MinimumVisualStudioVersion = 10.0.40219.1
Project("{9A19103F-16F7-4668-BE54-9A1E7A4F7556}") = "WhereTheJuiceAt", "WhereTheJuiceAt.csproj", "{3269172D-1BF6-4E4F-A012-1F44630EBEDE}"
EndProject
Global
	GlobalSection(SolutionConfigurationPlatforms) = preSolution
		Debug|Any CPU = Debug|Any CPU
		Release|Any CPU = Release|Any CPU
	EndGlobalSection
	GlobalSection(ProjectConfigurationPlatforms) = postSolution
		{3269172D-1BF6-4E4F-A012-1F44630EBEDE}.Debug|Any CPU.ActiveCfg = Debug|Any CPU
		{3269172D-1BF6-4E4F-A012-1F44630EBEDE}.Debug|Any CPU.Build.0 = Debug|Any CPU
		{3269172D-1BF6-4E4F-A012-1F44630EBEDE}.Release|Any CPU.ActiveCfg = Release|Any CPU
		{3269172D-1BF6-4E4F-A012-1F44630EBEDE}.Release|Any CPU.Build.0 = Release|Any CPU
	EndGlobalSection
	GlobalSection(SolutionProperties) = preSolution
		HideSolutionNode = FALSE
	EndGlobalSection
	GlobalSection(ExtensibilityGlobals) = postSolution
		SolutionGuid = {3D8DF0FB-0611-4FFC-8543-7955AE01A128}
	EndGlobalSection
EndGlobal
